
Microsoft Visual Studio Solution File, Format Version 12.00
# Visual Studio Version 17
VisualStudioVersion = 17.5.33414.496
MinimumVisualStudioVersion = 10.0.40219.1
Project("{FAE04EC0-301F-11D3-BF4B-00C04F79EFBC}") = "KafkaSample", "KafkaSample\KafkaSample.csproj", "{6E882095-EA59-4E95-8FE5-3F5D3BD6D3A8}"
EndProject
Project("{E53339B2-1760-4266-BCC7-CA923CBCF16C}") = "docker-compose", "docker-compose.dcproj", "{551ED6C3-EE69-4E14-86CA-E3EEED3E1620}"
EndProject
Global
	GlobalSection(SolutionConfigurationPlatforms) = preSolution
		Debug|Any CPU = Debug|Any CPU
		Release|Any CPU = Release|Any CPU
	EndGlobalSection
	GlobalSection(ProjectConfigurationPlatforms) = postSolution
		{6E882095-EA59-4E95-8FE5-3F5D3BD6D3A8}.Debug|Any CPU.ActiveCfg = Debug|Any CPU
		{6E882095-EA59-4E95-8FE5-3F5D3BD6D3A8}.Debug|Any CPU.Build.0 = Debug|Any CPU
		{6E882095-EA59-4E95-8FE5-3F5D3BD6D3A8}.Release|Any CPU.ActiveCfg = Release|Any CPU
		{6E882095-EA59-4E95-8FE5-3F5D3BD6D3A8}.Release|Any CPU.Build.0 = Release|Any CPU
		{551ED6C3-EE69-4E14-86CA-E3EEED3E1620}.Debug|Any CPU.ActiveCfg = Debug|Any CPU
		{551ED6C3-EE69-4E14-86CA-E3EEED3E1620}.Debug|Any CPU.Build.0 = Debug|Any CPU
		{551ED6C3-EE69-4E14-86CA-E3EEED3E1620}.Release|Any CPU.ActiveCfg = Release|Any CPU
		{551ED6C3-EE69-4E14-86CA-E3EEED3E1620}.Release|Any CPU.Build.0 = Release|Any CPU
	EndGlobalSection
	GlobalSection(SolutionProperties) = preSolution
		HideSolutionNode = FALSE
	EndGlobalSection
	GlobalSection(ExtensibilityGlobals) = postSolution
		SolutionGuid = {4CD6209B-F79A-42E5-8E1C-55E719D1A684}
	EndGlobalSection
EndGlobal
